
Microsoft Visual Studio Solution File, Format Version 12.00
# Visual Studio Version 17
VisualStudioVersion = 17.0.32112.339
MinimumVisualStudioVersion = 10.0.40219.1
Project("{FAE04EC0-301F-11D3-BF4B-00C04F79EFBC}") = "Task 1", "Task 1\Task 1.csproj", "{1CE1053B-A9BF-429E-BB09-7AB6EA845774}"
EndProject
Global
	GlobalSection(SolutionConfigurationPlatforms) = preSolution
		Debug|Any CPU = Debug|Any CPU
		Release|Any CPU = Release|Any CPU
	EndGlobalSection
	GlobalSection(ProjectConfigurationPlatforms) = postSolution
		{1CE1053B-A9BF-429E-BB09-7AB6EA845774}.Debug|Any CPU.ActiveCfg = Debug|Any CPU
		{1CE1053B-A9BF-429E-BB09-7AB6EA845774}.Debug|Any CPU.Build.0 = Debug|Any CPU
		{1CE1053B-A9BF-429E-BB09-7AB6EA845774}.Release|Any CPU.ActiveCfg = Release|Any CPU
		{1CE1053B-A9BF-429E-BB09-7AB6EA845774}.Release|Any CPU.Build.0 = Release|Any CPU
	EndGlobalSection
	GlobalSection(SolutionProperties) = preSolution
		HideSolutionNode = FALSE
	EndGlobalSection
	GlobalSection(ExtensibilityGlobals) = postSolution
		SolutionGuid = {1C5DAC3A-B556-4922-8DAC-FBCFCA002453}
	EndGlobalSection
EndGlobal
